{
  "name": "wa-bot",
  "version": "1.0.0",
  "lockfileVersion": 3,
  "requires": true,
  "packages": {
    "": {
      "name": "wa-bot",
      "version": "1.0.0",
      "dependencies": {
        "puppeteer-core": "^21.11.0",
        "qrcode-terminal": "^0.12.0",
        "whatsapp-web.js": "^1.26.0"
      }
    }
  }
}
